
Microsoft Visual Studio Solution File, Format Version 12.00
# Visual Studio Version 17
VisualStudioVersion = 17.9.34616.47
MinimumVisualStudioVersion = 10.0.40219.1
Project("{FAE04EC0-301F-11D3-BF4B-00C04F79EFBC}") = "MusicPlayerApp", "MusicPlayerApp.csproj", "{B8604ED0-6BAF-441A-A71B-2E304B1CBB9C}"
EndProject
Global
	GlobalSection(SolutionConfigurationPlatforms) = preSolution
		Debug|Any CPU = Debug|Any CPU
		Release|Any CPU = Release|Any CPU
	EndGlobalSection
	GlobalSection(ProjectConfigurationPlatforms) = postSolution
		{B8604ED0-6BAF-441A-A71B-2E304B1CBB9C}.Debug|Any CPU.ActiveCfg = Debug|Any CPU
		{B8604ED0-6BAF-441A-A71B-2E304B1CBB9C}.Debug|Any CPU.Build.0 = Debug|Any CPU
		{B8604ED0-6BAF-441A-A71B-2E304B1CBB9C}.Release|Any CPU.ActiveCfg = Release|Any CPU
		{B8604ED0-6BAF-441A-A71B-2E304B1CBB9C}.Release|Any CPU.Build.0 = Release|Any CPU
	EndGlobalSection
	GlobalSection(SolutionProperties) = preSolution
		HideSolutionNode = FALSE
	EndGlobalSection
	GlobalSection(ExtensibilityGlobals) = postSolution
		SolutionGuid = {96EE6044-0B74-4775-A26B-72C1A1E5DA3F}
	EndGlobalSection
EndGlobal
